# THIS IS AN AUTOGENERATED FILE. DO NOT EDIT THIS FILE DIRECTLY.
# yarn lockfile v1


"@types/estree@0.0.39":
  version "0.0.39"
  resolved "https://registry.npmjs.org/@types/estree/-/estree-0.0.39.tgz#e177e699ee1b8c22d23174caaa7422644389509f"

"@types/node@*":
  version "10.5.2"
  resolved "https://registry.npmjs.org/@types/node/-/node-10.5.2.tgz#f19f05314d5421fe37e74153254201a7bf00a707"

magic-string@^0.25.0:
  version "0.25.0"
  resolved "https://registry.npmjs.org/magic-string/-/magic-string-0.25.0.tgz#1f3696f9931ff0a1ed4c132250529e19cad6759b"
  dependencies:
    sourcemap-codec "^1.4.1"

path-parse@^1.0.5:
  version "1.0.5"
  resolved "https://registry.npmjs.org/path-parse/-/path-parse-1.0.5.tgz#3c1adf871ea9cd6c9431b6ea2bd74a0ff055c4c1"

resolve@^1.8.1:
  version "1.8.1"
  resolved "https://registry.npmjs.org/resolve/-/resolve-1.8.1.tgz#82f1ec19a423ac1fbd080b0bab06ba36e84a7a26"
  dependencies:
    path-parse "^1.0.5"

rollup@^0.63.4:
  version "0.63.4"
  resolved "https://registry.npmjs.org/rollup/-/rollup-0.63.4.tgz#cb58bf6c2a6c38542cae250684c962799ad7c00c"
  dependencies:
    "@types/estree" "0.0.39"
    "@types/node" "*"

sourcemap-codec@^1.4.1:
  version "1.4.1"
  resolved "https://registry.npmjs.org/sourcemap-codec/-/sourcemap-codec-1.4.1.tgz#c8fd92d91889e902a07aee392bdd2c5863958ba2"
